// !$*UTF8*$!
{
	archiveVersion = 1;
	classes = {
	};
	objectVersion = 50;
	objects = {

/* Begin PBXBuildFile section */
		BB0411BD246B459A00B81F06 /* AppDelegate.swift in Sources */ = {isa = PBXBuildFile; fileRef = BB0411BC246B459A00B81F06 /* AppDelegate.swift */; };
		BB0411BF246B459A00B81F06 /* SceneDelegate.swift in Sources */ = {isa = PBXBuildFile; fileRef = BB0411BE246B459A00B81F06 /* SceneDelegate.swift */; };
		BB0411C4246B459A00B81F06 /* Main.storyboard in Resources */ = {isa = PBXBuildFile; fileRef = BB0411C2246B459A00B81F06 /* Main.storyboard */; };
		BB0411C6246B459F00B81F06 /* Assets.xcassets in Resources */ = {isa = PBXBuildFile; fileRef = BB0411C5246B459F00B81F06 /* Assets.xcassets */; };
		BB0411C9246B459F00B81F06 /* LaunchScreen.storyboard in Resources */ = {isa = PBXBuildFile; fileRef = BB0411C7246B459F00B81F06 /* LaunchScreen.storyboard */; };
		BB0411D4246B461700B81F06 /* HimnarioNuevoViewController.swift in Sources */ = {isa = PBXBuildFile; fileRef = BB0411D3246B461700B81F06 /* HimnarioNuevoViewController.swift */; };
		BB0411D6246B466800B81F06 /* Himnos.swift in Sources */ = {isa = PBXBuildFile; fileRef = BB0411D5246B466800B81F06 /* Himnos.swift */; };
		BB0411DA246B762700B81F06 /* CoritosViewController.swift in Sources */ = {isa = PBXBuildFile; fileRef = BB0411D9246B762700B81F06 /* CoritosViewController.swift */; };
		BB171F0524A11D2700D9F729 /* Default-568h@2x.png in Resources */ = {isa = PBXBuildFile; fileRef = BB171F0424A11D2700D9F729 /* Default-568h@2x.png */; };
		BB6535CD2472FD82005B287E /* SearchBrain.swift in Sources */ = {isa = PBXBuildFile; fileRef = BB6535CC2472FD82005B287E /* SearchBrain.swift */; };
		BB9E1FC5263CA2A000EE215D /* ManagerAPI.swift in Sources */ = {isa = PBXBuildFile; fileRef = BB9E1FC4263CA2A000EE215D /* ManagerAPI.swift */; };
		BB9E1FC8263CB0CE00EE215D /* DataAPI.swift in Sources */ = {isa = PBXBuildFile; fileRef = BB9E1FC7263CB0CE00EE215D /* DataAPI.swift */; };
		BBC57D3324981887004A513E /* HimnarioViejoBrain.swift in Sources */ = {isa = PBXBuildFile; fileRef = BBC57D3224981887004A513E /* HimnarioViejoBrain.swift */; };
		BBC57D3524982E75004A513E /* HimnarioNuevoBrain.swift in Sources */ = {isa = PBXBuildFile; fileRef = BBC57D3424982E75004A513E /* HimnarioNuevoBrain.swift */; };
		BBC57D3724985CE5004A513E /* HimnarioAntiguoViewController.swift in Sources */ = {isa = PBXBuildFile; fileRef = BBC57D3624985CE5004A513E /* HimnarioAntiguoViewController.swift */; };
		BBCF46F2263669C6006966DC /* HimnoPlayer.swift in Sources */ = {isa = PBXBuildFile; fileRef = BBCF46F1263669C6006966DC /* HimnoPlayer.swift */; };
		BBF5AB96247C937A00866BEB /* SliderFont.swift in Sources */ = {isa = PBXBuildFile; fileRef = BBF5AB95247C937A00866BEB /* SliderFont.swift */; };
		BBF5AB98247DAACF00866BEB /* FavoritosViewController.swift in Sources */ = {isa = PBXBuildFile; fileRef = BBF5AB97247DAACF00866BEB /* FavoritosViewController.swift */; };
		BBF5AB9E248EB6A900866BEB /* ContactanosViewController.swift in Sources */ = {isa = PBXBuildFile; fileRef = BBF5AB9D248EB6A900866BEB /* ContactanosViewController.swift */; };
/* End PBXBuildFile section */

/* Begin PBXFileReference section */
		BB0411B9246B459A00B81F06 /* Himnario Adventista.app */ = {isa = PBXFileReference; explicitFileType = wrapper.application; includeInIndex = 0; path = "Himnario Adventista.app"; sourceTree = BUILT_PRODUCTS_DIR; };
		BB0411BC246B459A00B81F06 /* AppDelegate.swift */ = {isa = PBXFileReference; lastKnownFileType = sourcecode.swift; path = AppDelegate.swift; sourceTree = "<group>"; };
		BB0411BE246B459A00B81F06 /* SceneDelegate.swift */ = {isa = PBXFileReference; lastKnownFileType = sourcecode.swift; path = SceneDelegate.swift; sourceTree = "<group>"; };
		BB0411C3246B459A00B81F06 /* Base */ = {isa = PBXFileReference; lastKnownFileType = file.storyboard; name = Base; path = Base.lproj/Main.storyboard; sourceTree = "<group>"; };
		BB0411C5246B459F00B81F06 /* Assets.xcassets */ = {isa = PBXFileReference; lastKnownFileType = folder.assetcatalog; path = Assets.xcassets; sourceTree = "<group>"; };
		BB0411C8246B459F00B81F06 /* Base */ = {isa = PBXFileReference; lastKnownFileType = file.storyboard; name = Base; path = Base.lproj/LaunchScreen.storyboard; sourceTree = "<group>"; };
		BB0411CA246B459F00B81F06 /* Info.plist */ = {isa = PBXFileReference; lastKnownFileType = text.plist.xml; path = Info.plist; sourceTree = "<group>"; };
		BB0411D3246B461700B81F06 /* HimnarioNuevoViewController.swift */ = {isa = PBXFileReference; lastKnownFileType = sourcecode.swift; path = HimnarioNuevoViewController.swift; sourceTree = "<group>"; };
		BB0411D5246B466800B81F06 /* Himnos.swift */ = {isa = PBXFileReference; lastKnownFileType = sourcecode.swift; path = Himnos.swift; sourceTree = "<group>"; };
		BB0411D9246B762700B81F06 /* CoritosViewController.swift */ = {isa = PBXFileReference; lastKnownFileType = sourcecode.swift; path = CoritosViewController.swift; sourceTree = "<group>"; };
		BB171F0424A11D2700D9F729 /* Default-568h@2x.png */ = {isa = PBXFileReference; lastKnownFileType = image.png; path = "Default-568h@2x.png"; sourceTree = "<group>"; };
		BB6535CC2472FD82005B287E /* SearchBrain.swift */ = {isa = PBXFileReference; lastKnownFileType = sourcecode.swift; path = SearchBrain.swift; sourceTree = "<group>"; };
		BB9E1FC4263CA2A000EE215D /* ManagerAPI.swift */ = {isa = PBXFileReference; lastKnownFileType = sourcecode.swift; path = ManagerAPI.swift; sourceTree = "<group>"; };
		BB9E1FC7263CB0CE00EE215D /* DataAPI.swift */ = {isa = PBXFileReference; lastKnownFileType = sourcecode.swift; path = DataAPI.swift; sourceTree = "<group>"; };
		BBC57D3224981887004A513E /* HimnarioViejoBrain.swift */ = {isa = PBXFileReference; lastKnownFileType = sourcecode.swift; path = HimnarioViejoBrain.swift; sourceTree = "<group>"; };
		BBC57D3424982E75004A513E /* HimnarioNuevoBrain.swift */ = {isa = PBXFileReference; lastKnownFileType = sourcecode.swift; path = HimnarioNuevoBrain.swift; sourceTree = "<group>"; };
		BBC57D3624985CE5004A513E /* HimnarioAntiguoViewController.swift */ = {isa = PBXFileReference; lastKnownFileType = sourcecode.swift; path = HimnarioAntiguoViewController.swift; sourceTree = "<group>"; };
		BBCF46F1263669C6006966DC /* HimnoPlayer.swift */ = {isa = PBXFileReference; lastKnownFileType = sourcecode.swift; path = HimnoPlayer.swift; sourceTree = "<group>"; };
		BBF5AB95247C937A00866BEB /* SliderFont.swift */ = {isa = PBXFileReference; lastKnownFileType = sourcecode.swift; path = SliderFont.swift; sourceTree = "<group>"; };
		BBF5AB97247DAACF00866BEB /* FavoritosViewController.swift */ = {isa = PBXFileReference; lastKnownFileType = sourcecode.swift; path = FavoritosViewController.swift; sourceTree = "<group>"; };
		BBF5AB9D248EB6A900866BEB /* ContactanosViewController.swift */ = {isa = PBXFileReference; lastKnownFileType = sourcecode.swift; path = ContactanosViewController.swift; sourceTree = "<group>"; };
/* End PBXFileReference section */

/* Begin PBXFrameworksBuildPhase section */
		BB0411B6246B459A00B81F06 /* Frameworks */ = {
			isa = PBXFrameworksBuildPhase;
			buildActionMask = 2147483647;
			files = (
			);
			runOnlyForDeploymentPostprocessing = 0;
		};
/* End PBXFrameworksBuildPhase section */

/* Begin PBXGroup section */
		BB0411B0246B459A00B81F06 = {
			isa = PBXGroup;
			children = (
				BB171F0424A11D2700D9F729 /* Default-568h@2x.png */,
				BB0411BB246B459A00B81F06 /* Coritos Adventistas */,
				BB0411BA246B459A00B81F06 /* Products */,
			);
			sourceTree = "<group>";
		};
		BB0411BA246B459A00B81F06 /* Products */ = {
			isa = PBXGroup;
			children = (
				BB0411B9246B459A00B81F06 /* Himnario Adventista.app */,
			);
			name = Products;
			sourceTree = "<group>";
		};
		BB0411BB246B459A00B81F06 /* Coritos Adventistas */ = {
			isa = PBXGroup;
			children = (
				BB0411D2246B45D000B81F06 /* Model */,
				BB0411D1246B45C700B81F06 /* View */,
				BB0411D0246B45B600B81F06 /* Controller */,
				BB0411BC246B459A00B81F06 /* AppDelegate.swift */,
				BB0411BE246B459A00B81F06 /* SceneDelegate.swift */,
				BB0411C5246B459F00B81F06 /* Assets.xcassets */,
				BB0411C7246B459F00B81F06 /* LaunchScreen.storyboard */,
				BB0411CA246B459F00B81F06 /* Info.plist */,
			);
			path = "Coritos Adventistas";
			sourceTree = "<group>";
		};
		BB0411D0246B45B600B81F06 /* Controller */ = {
			isa = PBXGroup;
			children = (
				BB0411D3246B461700B81F06 /* HimnarioNuevoViewController.swift */,
				BBC57D3624985CE5004A513E /* HimnarioAntiguoViewController.swift */,
				BB0411D9246B762700B81F06 /* CoritosViewController.swift */,
				BBF5AB97247DAACF00866BEB /* FavoritosViewController.swift */,
				BBF5AB9D248EB6A900866BEB /* ContactanosViewController.swift */,
			);
			path = Controller;
			sourceTree = "<group>";
		};
		BB0411D1246B45C700B81F06 /* View */ = {
			isa = PBXGroup;
			children = (
				BB0411C2246B459A00B81F06 /* Main.storyboard */,
			);
			path = View;
			sourceTree = "<group>";
		};
		BB0411D2246B45D000B81F06 /* Model */ = {
			isa = PBXGroup;
			children = (
				BB0411D5246B466800B81F06 /* Himnos.swift */,
				BBC57D3224981887004A513E /* HimnarioViejoBrain.swift */,
				BB6535CC2472FD82005B287E /* SearchBrain.swift */,
				BBF5AB95247C937A00866BEB /* SliderFont.swift */,
				BBC57D3424982E75004A513E /* HimnarioNuevoBrain.swift */,
				BBCF46F1263669C6006966DC /* HimnoPlayer.swift */,
				BB9E1FC4263CA2A000EE215D /* ManagerAPI.swift */,
				BB9E1FC7263CB0CE00EE215D /* DataAPI.swift */,
			);
			path = Model;
			sourceTree = "<group>";
		};
/* End PBXGroup section */

/* Begin PBXNativeTarget section */
		BB0411B8246B459A00B81F06 /* Himnario Adventista */ = {
			isa = PBXNativeTarget;
			buildConfigurationList = BB0411CD246B459F00B81F06 /* Build configuration list for PBXNativeTarget "Himnario Adventista" */;
			buildPhases = (
				BB0411B5246B459A00B81F06 /* Sources */,
				BB0411B6246B459A00B81F06 /* Frameworks */,
				BB0411B7246B459A00B81F06 /* Resources */,
			);
			buildRules = (
			);
			dependencies = (
			);
			name = "Himnario Adventista";
			productName = "Coritos Adventistas";
			productReference = BB0411B9246B459A00B81F06 /* Himnario Adventista.app */;
			productType = "com.apple.product-type.application";
		};
/* End PBXNativeTarget section */

/* Begin PBXProject section */
		BB0411B1246B459A00B81F06 /* Project object */ = {
			isa = PBXProject;
			attributes = {
				LastSwiftUpdateCheck = 1140;
				LastUpgradeCheck = 1200;
				ORGANIZATIONNAME = "Jose Pimentel";
				TargetAttributes = {
					BB0411B8246B459A00B81F06 = {
						CreatedOnToolsVersion = 11.4.1;
					};
				};
			};
			buildConfigurationList = BB0411B4246B459A00B81F06 /* Build configuration list for PBXProject "Himnario Adventista" */;
			compatibilityVersion = "Xcode 9.3";
			developmentRegion = en;
			hasScannedForEncodings = 0;
			knownRegions = (
				en,
				Base,
			);
			mainGroup = BB0411B0246B459A00B81F06;
			productRefGroup = BB0411BA246B459A00B81F06 /* Products */;
			projectDirPath = "";
			projectRoot = "";
			targets = (
				BB0411B8246B459A00B81F06 /* Himnario Adventista */,
			);
		};
/* End PBXProject section */

/* Begin PBXResourcesBuildPhase section */
		BB0411B7246B459A00B81F06 /* Resources */ = {
			isa = PBXResourcesBuildPhase;
			buildActionMask = 2147483647;
			files = (
				BB0411C9246B459F00B81F06 /* LaunchScreen.storyboard in Resources */,
				BB171F0524A11D2700D9F729 /* Default-568h@2x.png in Resources */,
				BB0411C6246B459F00B81F06 /* Assets.xcassets in Resources */,
				BB0411C4246B459A00B81F06 /* Main.storyboard in Resources */,
			);
			runOnlyForDeploymentPostprocessing = 0;
		};
/* End PBXResourcesBuildPhase section */

/* Begin PBXSourcesBuildPhase section */
		BB0411B5246B459A00B81F06 /* Sources */ = {
			isa = PBXSourcesBuildPhase;
			buildActionMask = 2147483647;
			files = (
				BB0411BD246B459A00B81F06 /* AppDelegate.swift in Sources */,
				BB9E1FC8263CB0CE00EE215D /* DataAPI.swift in Sources */,
				BBC57D3324981887004A513E /* HimnarioViejoBrain.swift in Sources */,
				BB0411DA246B762700B81F06 /* CoritosViewController.swift in Sources */,
				BBC57D3724985CE5004A513E /* HimnarioAntiguoViewController.swift in Sources */,
				BB0411D4246B461700B81F06 /* HimnarioNuevoViewController.swift in Sources */,
				BB0411BF246B459A00B81F06 /* SceneDelegate.swift in Sources */,
				BBF5AB96247C937A00866BEB /* SliderFont.swift in Sources */,
				BBCF46F2263669C6006966DC /* HimnoPlayer.swift in Sources */,
				BBC57D3524982E75004A513E /* HimnarioNuevoBrain.swift in Sources */,
				BB6535CD2472FD82005B287E /* SearchBrain.swift in Sources */,
				BB9E1FC5263CA2A000EE215D /* ManagerAPI.swift in Sources */,
				BB0411D6246B466800B81F06 /* Himnos.swift in Sources */,
				BBF5AB9E248EB6A900866BEB /* ContactanosViewController.swift in Sources */,
				BBF5AB98247DAACF00866BEB /* FavoritosViewController.swift in Sources */,
			);
			runOnlyForDeploymentPostprocessing = 0;
		};
/* End PBXSourcesBuildPhase section */

/* Begin PBXVariantGroup section */
		BB0411C2246B459A00B81F06 /* Main.storyboard */ = {
			isa = PBXVariantGroup;
			children = (
				BB0411C3246B459A00B81F06 /* Base */,
			);
			name = Main.storyboard;
			sourceTree = "<group>";
		};
		BB0411C7246B459F00B81F06 /* LaunchScreen.storyboard */ = {
			isa = PBXVariantGroup;
			children = (
				BB0411C8246B459F00B81F06 /* Base */,
			);
			name = LaunchScreen.storyboard;
			sourceTree = "<group>";
		};
/* End PBXVariantGroup section */

/* Begin XCBuildConfiguration section */
		BB0411CB246B459F00B81F06 /* Debug */ = {
			isa = XCBuildConfiguration;
			buildSettings = {
				ALWAYS_SEARCH_USER_PATHS = NO;
				CLANG_ANALYZER_NONNULL = YES;
				CLANG_ANALYZER_NUMBER_OBJECT_CONVERSION = YES_AGGRESSIVE;
				CLANG_CXX_LANGUAGE_STANDARD = "gnu++14";
				CLANG_CXX_LIBRARY = "libc++";
				CLANG_ENABLE_MODULES = YES;
				CLANG_ENABLE_OBJC_ARC = YES;
				CLANG_ENABLE_OBJC_WEAK = YES;
				CLANG_WARN_BLOCK_CAPTURE_AUTORELEASING = YES;
				CLANG_WARN_BOOL_CONVERSION = YES;
				CLANG_WARN_COMMA = YES;
				CLANG_WARN_CONSTANT_CONVERSION = YES;
				CLANG_WARN_DEPRECATED_OBJC_IMPLEMENTATIONS = YES;
				CLANG_WARN_DIRECT_OBJC_ISA_USAGE = YES_ERROR;
				CLANG_WARN_DOCUMENTATION_COMMENTS = YES;
				CLANG_WARN_EMPTY_BODY = YES;
				CLANG_WARN_ENUM_CONVERSION = YES;
				CLANG_WARN_INFINITE_RECURSION = YES;
				CLANG_WARN_INT_CONVERSION = YES;
				CLANG_WARN_NON_LITERAL_NULL_CONVERSION = YES;
				CLANG_WARN_OBJC_IMPLICIT_RETAIN_SELF = YES;
				CLANG_WARN_OBJC_LITERAL_CONVERSION = YES;
				CLANG_WARN_OBJC_ROOT_CLASS = YES_ERROR;
				CLANG_WARN_QUOTED_INCLUDE_IN_FRAMEWORK_HEADER = YES;
				CLANG_WARN_RANGE_LOOP_ANALYSIS = YES;
				CLANG_WARN_STRICT_PROTOTYPES = YES;
				CLANG_WARN_SUSPICIOUS_MOVE = YES;
				CLANG_WARN_UNGUARDED_AVAILABILITY = YES_AGGRESSIVE;
				CLANG_WARN_UNREACHABLE_CODE = YES;
				CLANG_WARN__DUPLICATE_METHOD_MATCH = YES;
				COPY_PHASE_STRIP = NO;
				DEBUG_INFORMATION_FORMAT = dwarf;
				ENABLE_STRICT_OBJC_MSGSEND = YES;
				ENABLE_TESTABILITY = YES;
				GCC_C_LANGUAGE_STANDARD = gnu11;
				GCC_DYNAMIC_NO_PIC = NO;
				GCC_NO_COMMON_BLOCKS = YES;
				GCC_OPTIMIZATION_LEVEL = 0;
				GCC_PREPROCESSOR_DEFINITIONS = (
					"DEBUG=1",
					"$(inherited)",
				);
				GCC_WARN_64_TO_32_BIT_CONVERSION = YES;
				GCC_WARN_ABOUT_RETURN_TYPE = YES_ERROR;
				GCC_WARN_UNDECLARED_SELECTOR = YES;
				GCC_WARN_UNINITIALIZED_AUTOS = YES_AGGRESSIVE;
				GCC_WARN_UNUSED_FUNCTION = YES;
				GCC_WARN_UNUSED_VARIABLE = YES;
				IPHONEOS_DEPLOYMENT_TARGET = 13.4;
				MTL_ENABLE_DEBUG_INFO = INCLUDE_SOURCE;
				MTL_FAST_MATH = YES;
				ONLY_ACTIVE_ARCH = YES;
				SDKROOT = iphoneos;
				SWIFT_ACTIVE_COMPILATION_CONDITIONS = DEBUG;
				SWIFT_OPTIMIZATION_LEVEL = "-Onone";
			};
			name = Debug;
		};
		BB0411CC246B459F00B81F06 /* Release */ = {
			isa = XCBuildConfiguration;
			buildSettings = {
				ALWAYS_SEARCH_USER_PATHS = NO;
				CLANG_ANALYZER_NONNULL = YES;
				CLANG_ANALYZER_NUMBER_OBJECT_CONVERSION = YES_AGGRESSIVE;
				CLANG_CXX_LANGUAGE_STANDARD = "gnu++14";
				CLANG_CXX_LIBRARY = "libc++";
				CLANG_ENABLE_MODULES = YES;
				CLANG_ENABLE_OBJC_ARC = YES;
				CLANG_ENABLE_OBJC_WEAK = YES;
				CLANG_WARN_BLOCK_CAPTURE_AUTORELEASING = YES;
				CLANG_WARN_BOOL_CONVERSION = YES;
				CLANG_WARN_COMMA = YES;
				CLANG_WARN_CONSTANT_CONVERSION = YES;
				CLANG_WARN_DEPRECATED_OBJC_IMPLEMENTATIONS = YES;
				CLANG_WARN_DIRECT_OBJC_ISA_USAGE = YES_ERROR;
				CLANG_WARN_DOCUMENTATION_COMMENTS = YES;
				CLANG_WARN_EMPTY_BODY = YES;
				CLANG_WARN_ENUM_CONVERSION = YES;
				CLANG_WARN_INFINITE_RECURSION = YES;
				CLANG_WARN_INT_CONVERSION = YES;
				CLANG_WARN_NON_LITERAL_NULL_CONVERSION = YES;
				CLANG_WARN_OBJC_IMPLICIT_RETAIN_SELF = YES;
				CLANG_WARN_OBJC_LITERAL_CONVERSION = YES;
				CLANG_WARN_OBJC_ROOT_CLASS = YES_ERROR;
				CLANG_WARN_QUOTED_INCLUDE_IN_FRAMEWORK_HEADER = YES;
				CLANG_WARN_RANGE_LOOP_ANALYSIS = YES;
				CLANG_WARN_STRICT_PROTOTYPES = YES;
				CLANG_WARN_SUSPICIOUS_MOVE = YES;
				CLANG_WARN_UNGUARDED_AVAILABILITY = YES_AGGRESSIVE;
				CLANG_WARN_UNREACHABLE_CODE = YES;
				CLANG_WARN__DUPLICATE_METHOD_MATCH = YES;
				COPY_PHASE_STRIP = NO;
				DEBUG_INFORMATION_FORMAT = "dwarf-with-dsym";
				ENABLE_NS_ASSERTIONS = NO;
				ENABLE_STRICT_OBJC_MSGSEND = YES;
				GCC_C_LANGUAGE_STANDARD = gnu11;
				GCC_NO_COMMON_BLOCKS = YES;
				GCC_WARN_64_TO_32_BIT_CONVERSION = YES;
				GCC_WARN_ABOUT_RETURN_TYPE = YES_ERROR;
				GCC_WARN_UNDECLARED_SELECTOR = YES;
				GCC_WARN_UNINITIALIZED_AUTOS = YES_AGGRESSIVE;
				GCC_WARN_UNUSED_FUNCTION = YES;
				GCC_WARN_UNUSED_VARIABLE = YES;
				IPHONEOS_DEPLOYMENT_TARGET = 13.4;
				MTL_ENABLE_DEBUG_INFO = NO;
				MTL_FAST_MATH = YES;
				SDKROOT = iphoneos;
				SWIFT_COMPILATION_MODE = wholemodule;
				SWIFT_OPTIMIZATION_LEVEL = "-O";
				VALIDATE_PRODUCT = YES;
			};
			name = Release;
		};
		BB0411CE246B459F00B81F06 /* Debug */ = {
			isa = XCBuildConfiguration;
			buildSettings = {
				ASSETCATALOG_COMPILER_APPICON_NAME = AppIcon;
				CODE_SIGN_IDENTITY = "Apple Development";
				CODE_SIGN_STYLE = Automatic;
				DEVELOPMENT_TEAM = 57R4ZFVKDM;
				INFOPLIST_FILE = "Coritos Adventistas/Info.plist";
				LD_RUNPATH_SEARCH_PATHS = (
					"$(inherited)",
					"@executable_path/Frameworks",
				);
				MARKETING_VERSION = 1.4.2;
				PRODUCT_BUNDLE_IDENTIFIER = com.JosePimentel.HimnarioViejoYNuevo;
				PRODUCT_NAME = "$(TARGET_NAME)";
				PROVISIONING_PROFILE_SPECIFIER = "";
				SWIFT_VERSION = 5.0;
				TARGETED_DEVICE_FAMILY = "1,2";
			};
			name = Debug;
		};
		BB0411CF246B459F00B81F06 /* Release */ = {
			isa = XCBuildConfiguration;
			buildSettings = {
				ASSETCATALOG_COMPILER_APPICON_NAME = AppIcon;
				CODE_SIGN_IDENTITY = "Apple Development";
				CODE_SIGN_STYLE = Automatic;
				DEVELOPMENT_TEAM = 57R4ZFVKDM;
				INFOPLIST_FILE = "Coritos Adventistas/Info.plist";
				LD_RUNPATH_SEARCH_PATHS = (
					"$(inherited)",
					"@executable_path/Frameworks",
				);
				MARKETING_VERSION = 1.4.2;
				PRODUCT_BUNDLE_IDENTIFIER = com.JosePimentel.HimnarioViejoYNuevo;
				PRODUCT_NAME = "$(TARGET_NAME)";
				PROVISIONING_PROFILE_SPECIFIER = "";
				SWIFT_VERSION = 5.0;
				TARGETED_DEVICE_FAMILY = "1,2";
			};
			name = Release;
		};
/* End XCBuildConfiguration section */

/* Begin XCConfigurationList section */
		BB0411B4246B459A00B81F06 /* Build configuration list for PBXProject "Himnario Adventista" */ = {
			isa = XCConfigurationList;
			buildConfigurations = (
				BB0411CB246B459F00B81F06 /* Debug */,
				BB0411CC246B459F00B81F06 /* Release */,
			);
			defaultConfigurationIsVisible = 0;
			defaultConfigurationName = Release;
		};
		BB0411CD246B459F00B81F06 /* Build configuration list for PBXNativeTarget "Himnario Adventista" */ = {
			isa = XCConfigurationList;
			buildConfigurations = (
				BB0411CE246B459F00B81F06 /* Debug */,
				BB0411CF246B459F00B81F06 /* Release */,
			);
			defaultConfigurationIsVisible = 0;
			defaultConfigurationName = Release;
		};
/* End XCConfigurationList section */
	};
	rootObject = BB0411B1246B459A00B81F06 /* Project object */;
}
